
Microsoft Visual Studio Solution File, Format Version 12.00
# Visual Studio 15
VisualStudioVersion = 15.0.27130.0
MinimumVisualStudioVersion = 10.0.40219.1
Project("{FAE04EC0-301F-11D3-BF4B-00C04F79EFBC}") = "Presentacion", "Presentacion\Presentacion.csproj", "{B945A064-FA22-4B86-A79C-9A6FE5E00AE0}"
EndProject
Project("{FAE04EC0-301F-11D3-BF4B-00C04F79EFBC}") = "OutInDB", "OutInDB\OutInDB.csproj", "{D4727974-FE9E-4072-A532-0107899C61A0}"
EndProject
Project("{FAE04EC0-301F-11D3-BF4B-00C04F79EFBC}") = "Negocio", "Negocio\Negocio.csproj", "{7B4B2549-0562-486B-8E62-266555491CD2}"
EndProject
Global
	GlobalSection(SolutionConfigurationPlatforms) = preSolution
		Debug|Any CPU = Debug|Any CPU
		Release|Any CPU = Release|Any CPU
	EndGlobalSection
	GlobalSection(ProjectConfigurationPlatforms) = postSolution
		{B945A064-FA22-4B86-A79C-9A6FE5E00AE0}.Debug|Any CPU.ActiveCfg = Debug|Any CPU
		{B945A064-FA22-4B86-A79C-9A6FE5E00AE0}.Debug|Any CPU.Build.0 = Debug|Any CPU
		{B945A064-FA22-4B86-A79C-9A6FE5E00AE0}.Release|Any CPU.ActiveCfg = Release|Any CPU
		{B945A064-FA22-4B86-A79C-9A6FE5E00AE0}.Release|Any CPU.Build.0 = Release|Any CPU
		{D4727974-FE9E-4072-A532-0107899C61A0}.Debug|Any CPU.ActiveCfg = Debug|Any CPU
		{D4727974-FE9E-4072-A532-0107899C61A0}.Debug|Any CPU.Build.0 = Debug|Any CPU
		{D4727974-FE9E-4072-A532-0107899C61A0}.Release|Any CPU.ActiveCfg = Release|Any CPU
		{D4727974-FE9E-4072-A532-0107899C61A0}.Release|Any CPU.Build.0 = Release|Any CPU
		{7B4B2549-0562-486B-8E62-266555491CD2}.Debug|Any CPU.ActiveCfg = Debug|Any CPU
		{7B4B2549-0562-486B-8E62-266555491CD2}.Debug|Any CPU.Build.0 = Debug|Any CPU
		{7B4B2549-0562-486B-8E62-266555491CD2}.Release|Any CPU.ActiveCfg = Release|Any CPU
		{7B4B2549-0562-486B-8E62-266555491CD2}.Release|Any CPU.Build.0 = Release|Any CPU
	EndGlobalSection
	GlobalSection(SolutionProperties) = preSolution
		HideSolutionNode = FALSE
	EndGlobalSection
	GlobalSection(ExtensibilityGlobals) = postSolution
		SolutionGuid = {E4ED0AE2-D793-48E1-A729-EF03D33C0479}
	EndGlobalSection
EndGlobal
